PODS:
  - Alamofire (5.6.4)
  - AppAuth (1.6.1):
    - AppAuth/Core (= 1.6.1)
    - AppAuth/ExternalUserAgent (= 1.6.1)
  - AppAuth/Core (1.6.1)
  - AppAuth/ExternalUserAgent (1.6.1):
    - AppAuth/Core
  - FacebookCore (0.9.0):
    - FBSDKCoreKit (~> 5.0)
  - FacebookLogin (0.9.0):
    - FacebookCore (~> 0.9.0)
    - FBSDKCoreKit (~> 5.0)
    - FBSDKLoginKit (~> 5.0)
  - FBSDKCoreKit (5.15.1):
    - FBSDKCoreKit/Basics (= 5.15.1)
    - FBSDKCoreKit/Core (= 5.15.1)
  - FBSDKCoreKit/Basics (5.15.1)
  - FBSDKCoreKit/Core (5.15.1):
    - FBSDKCoreKit/Basics
  - FBSDKLoginKit (5.15.1):
    - FBSDKLoginKit/Login (= 5.15.1)
  - FBSDKLoginKit/Login (5.15.1):
    - FBSDKCoreKit (~> 5.0)
  - Firebase/Auth (10.8.0):
    - Firebase/CoreOnly
    - FirebaseAuth (~> 10.8.0)
  - Firebase/CoreOnly (10.8.0):
    - FirebaseCore (= 10.8.0)
  - Firebase/Database (10.8.0):
    - Firebase/CoreOnly
    - FirebaseDatabase (~> 10.8.0)
  - Firebase/Functions (10.8.0):
    - Firebase/CoreOnly
    - FirebaseFunctions (~> 10.8.0)
  - FirebaseAppCheckInterop (10.7.0)
  - FirebaseAuth (10.8.0):
    - FirebaseAppCheckInterop (~> 10.0)
    - FirebaseCore (~> 10.0)
    - GoogleUtilities/AppDelegateSwizzler (~> 7.8)
    - GoogleUtilities/Environment (~> 7.8)
    - GTMSessionFetcher/Core (< 4.0, >= 2.1)
  - FirebaseAuthInterop (10.8.0)
  - FirebaseCore (10.8.0):
    - FirebaseCoreInternal (~> 10.0)
    - GoogleUtilities/Environment (~> 7.8)
    - GoogleUtilities/Logger (~> 7.8)
  - FirebaseCoreExtension (10.8.0):
    - FirebaseCore (~> 10.0)
  - FirebaseCoreInternal (10.8.0):
    - "GoogleUtilities/NSData+zlib (~> 7.8)"
  - FirebaseDatabase (10.8.0):
    - FirebaseCore (~> 10.0)
    - leveldb-library (~> 1.22)
  - FirebaseFunctions (10.8.0):
    - FirebaseAppCheckInterop (~> 10.0)
    - FirebaseAuthInterop (~> 10.0)
    - FirebaseCore (~> 10.0)
    - FirebaseCoreExtension (~> 10.0)
    - FirebaseMessagingInterop (~> 10.0)
    - FirebaseSharedSwift (~> 10.0)
    - GTMSessionFetcher/Core (< 4.0, >= 2.1)
  - FirebaseMessagingInterop (10.8.0)
  - FirebaseSharedSwift (10.8.0)
  - GoogleSignIn (7.0.0):
    - AppAuth (~> 1.5)
    - GTMAppAuth (< 3.0, >= 1.3)
    - GTMSessionFetcher/Core (< 4.0, >= 1.1)
  - GoogleUtilities/AppDelegateSwizzler (7.11.1):
    - GoogleUtilities/Environment
    - GoogleUtilities/Logger
    - GoogleUtilities/Network
  - GoogleUtilities/Environment (7.11.1):
    - PromisesObjC (< 3.0, >= 1.2)
  - GoogleUtilities/Logger (7.11.1):
    - GoogleUtilities/Environment
  - GoogleUtilities/Network (7.11.1):
    - GoogleUtilities/Logger
    - "GoogleUtilities/NSData+zlib"
    - GoogleUtilities/Reachability
  - "GoogleUtilities/NSData+zlib (7.11.1)"
  - GoogleUtilities/Reachability (7.11.1):
    - GoogleUtilities/Logger
  - GTMAppAuth (2.0.0):
    - AppAuth/Core (~> 1.6)
    - GTMSessionFetcher/Core (< 4.0, >= 1.5)
  - GTMSessionFetcher/Core (3.1.0)
  - leveldb-library (1.22.2)
  - PromisesObjC (2.2.0)

DEPENDENCIES:
  - Alamofire
  - FacebookLogin
  - Firebase/Auth
  - Firebase/Database
  - Firebase/Functions
  - GoogleSignIn

SPEC REPOS:
  trunk:
    - Alamofire
    - AppAuth
    - FacebookCore
    - FacebookLogin
    - FBSDKCoreKit
    - FBSDKLoginKit
    - Firebase
    - FirebaseAppCheckInterop
    - FirebaseAuth
    - FirebaseAuthInterop
    - FirebaseCore
    - FirebaseCoreExtension
    - FirebaseCoreInternal
    - FirebaseDatabase
    - FirebaseFunctions
    - FirebaseMessagingInterop
    - FirebaseSharedSwift
    - GoogleSignIn
    - GoogleUtilities
    - GTMAppAuth
    - GTMSessionFetcher
    - leveldb-library
    - PromisesObjC

SPEC CHECKSUMS:
  Alamofire: 4e95d97098eacb88856099c4fc79b526a299e48c
  AppAuth: e48b432bb4ba88b10cb2bcc50d7f3af21e78b9c2
  FacebookCore: ba86524b66cfa86d0f8e65d08faa8504a9f732dd
  FacebookLogin: 6cee9fd6e1fe976fe8f7eec199e27b28b14f5d63
  FBSDKCoreKit: 1d5acf7c9d7a2f92bb1a242dc60cae5b7adb91df
  FBSDKLoginKit: f1ea8026a58b52d30c9f2e6a58ca7d813619fb83
  Firebase: b49ef44e5ec9a3d0c1f6450f410337e97872279c
  FirebaseAppCheckInterop: 8e907eea79958960a8bd2058e067f31e03a7914b
  FirebaseAuth: 28e6fff787467cd15ab51c8c7aa904003b2f57aa
  FirebaseAuthInterop: 5ea2a68b83f5222f6d8688ffc3a49a9e92bb3eba
  FirebaseCore: e78636a990b54be427ce300aa09a0e359f4e0e87
  FirebaseCoreExtension: d815fd6fec8bb3a0940bc02dd5e3e641ea7229d8
  FirebaseCoreInternal: fa2899eb1f340054858d289e5a0fb935a0a74e52
  FirebaseDatabase: e9415a93447361b65e312186b169812acfb75acc
  FirebaseFunctions: 6377c8bb0e457bdc36bae095944371a690fc7825
  FirebaseMessagingInterop: dae5120fc708905f529dda1f6d377ae51ce51246
  FirebaseSharedSwift: e9e23efae965af553a8d1524efa3f64b5ef7ef0a
  GoogleSignIn: b232380cf495a429b8095d3178a8d5855b42e842
  GoogleUtilities: 9aa0ad5a7bc171f8bae016300bfcfa3fb8425749
  GTMAppAuth: 99fb010047ba3973b7026e45393f51f27ab965ae
  GTMSessionFetcher: c9e714f7eec91a55641e2bab9f45fd83a219b882
  leveldb-library: f03246171cce0484482ec291f88b6d563699ee06
  PromisesObjC: 09985d6d70fbe7878040aa746d78236e6946d2ef

PODFILE CHECKSUM: 23086dff895ac80073b0f735f30200a342e380c0

COCOAPODS: 1.12.0
